{
  "originHash" : "8e181e5f96e22a89f1fe37d8652235a58e851ab7ac947d3b403a5a69c7ead31d",
  "pins" : [
    {
      "identity" : "zeticmlangeios",
      "kind" : "remoteSourceControl",
      "location" : "https://github.com/zetic-ai/ZeticMLangeiOS.git",
      "state" : {
        "branch" : "main",
        "revision" : "73be12abd9bfce1a9f6a07e9e5c74c8547e42fa9"
      }
    },
    {
      "identity" : "zipfoundation",
      "kind" : "remoteSourceControl",
      "location" : "https://github.com/weichsel/ZIPFoundation.git",
      "state" : {
        "revision" : "22787ffb59de99e5dc1fbfe80b19c97a904ad48d",
        "version" : "0.9.20"
      }
    }
  ],
  "version" : 3
}
